// !$*UTF8*$!
{
	archiveVersion = 1;
	classes = {
	};
	objectVersion = 46;
	objects = {

/* Begin PBXBuildFile section */
		284F0ED918D2D17A00DD28C6 /* Foundation.framework in Frameworks */ = {isa = PBXBuildFile; fileRef = 284F0ED818D2D17A00DD28C6 /* Foundation.framework */; };
		284F0EDB18D2D17A00DD28C6 /* CoreGraphics.framework in Frameworks */ = {isa = PBXBuildFile; fileRef = 284F0EDA18D2D17A00DD28C6 /* CoreGraphics.framework */; };
		284F0EDD18D2D17A00DD28C6 /* UIKit.framework in Frameworks */ = {isa = PBXBuildFile; fileRef = 284F0EDC18D2D17A00DD28C6 /* UIKit.framework */; };
		284F0EE318D2D17A00DD28C6 /* InfoPlist.strings in Resources */ = {isa = PBXBuildFile; fileRef = 284F0EE118D2D17A00DD28C6 /* InfoPlist.strings */; };
		284F0EE518D2D17A00DD28C6 /* main.m in Sources */ = {isa = PBXBuildFile; fileRef = 284F0EE418D2D17A00DD28C6 /* main.m */; };
		284F0EE918D2D17A00DD28C6 /* AppDelegate.m in Sources */ = {isa = PBXBuildFile; fileRef = 284F0EE818D2D17A00DD28C6 /* AppDelegate.m */; };
		284F0EEB18D2D17A00DD28C6 /* Images.xcassets in Resources */ = {isa = PBXBuildFile; fileRef = 284F0EEA18D2D17A00DD28C6 /* Images.xcassets */; };
		284F0EF218D2D17A00DD28C6 /* XCTest.framework in Frameworks */ = {isa = PBXBuildFile; fileRef = 284F0EF118D2D17A00DD28C6 /* XCTest.framework */; };
		284F0EF318D2D17A00DD28C6 /* Foundation.framework in Frameworks */ = {isa = PBXBuildFile; fileRef = 284F0ED818D2D17A00DD28C6 /* Foundation.framework */; };
		284F0EF418D2D17A00DD28C6 /* UIKit.framework in Frameworks */ = {isa = PBXBuildFile; fileRef = 284F0EDC18D2D17A00DD28C6 /* UIKit.framework */; };
		284F0EFC18D2D17A00DD28C6 /* InfoPlist.strings in Resources */ = {isa = PBXBuildFile; fileRef = 284F0EFA18D2D17A00DD28C6 /* InfoPlist.strings */; };
		284F0EFE18D2D17A00DD28C6 /* CALayerReviewTests.m in Sources */ = {isa = PBXBuildFile; fileRef = 284F0EFD18D2D17A00DD28C6 /* CALayerReviewTests.m */; };
		284F0F0918D2D1A700DD28C6 /* MainViewController.m in Sources */ = {isa = PBXBuildFile; fileRef = 284F0F0818D2D1A700DD28C6 /* MainViewController.m */; };
		284F0F0B18D2D2B000DD28C6 /* QuartzCore.framework in Frameworks */ = {isa = PBXBuildFile; fileRef = 284F0F0A18D2D2B000DD28C6 /* QuartzCore.framework */; };
		284F0F0E18D2E11400DD28C6 /* MyLayer.m in Sources */ = {isa = PBXBuildFile; fileRef = 284F0F0D18D2E11400DD28C6 /* MyLayer.m */; };
/* End PBXBuildFile section */

/* Begin PBXContainerItemProxy section */
		284F0EF518D2D17A00DD28C6 /* PBXContainerItemProxy */ = {
			isa = PBXContainerItemProxy;
			containerPortal = 284F0ECD18D2D17900DD28C6 /* Project object */;
			proxyType = 1;
			remoteGlobalIDString = 284F0ED418D2D17A00DD28C6;
			remoteInfo = CALayerReview;
		};
/* End PBXContainerItemProxy section */

/* Begin PBXFileReference section */
		284F0ED518D2D17A00DD28C6 /* CALayerReview.app */ = {isa = PBXFileReference; explicitFileType = wrapper.application; includeInIndex = 0; path = CALayerReview.app; sourceTree = BUILT_PRODUCTS_DIR; };
		284F0ED818D2D17A00DD28C6 /* Foundation.framework */ = {isa = PBXFileReference; lastKnownFileType = wrapper.framework; name = Foundation.framework; path = System/Library/Frameworks/Foundation.framework; sourceTree = SDKROOT; };
		284F0EDA18D2D17A00DD28C6 /* CoreGraphics.framework */ = {isa = PBXFileReference; lastKnownFileType = wrapper.framework; name = CoreGraphics.framework; path = System/Library/Frameworks/CoreGraphics.framework; sourceTree = SDKROOT; };
		284F0EDC18D2D17A00DD28C6 /* UIKit.framework */ = {isa = PBXFileReference; lastKnownFileType = wrapper.framework; name = UIKit.framework; path = System/Library/Frameworks/UIKit.framework; sourceTree = SDKROOT; };
		284F0EE018D2D17A00DD28C6 /* CALayerReview-Info.plist */ = {isa = PBXFileReference; lastKnownFileType = text.plist.xml; path = "CALayerReview-Info.plist"; sourceTree = "<group>"; };
		284F0EE218D2D17A00DD28C6 /* en */ = {isa = PBXFileReference; lastKnownFileType = text.plist.strings; name = en; path = en.lproj/InfoPlist.strings; sourceTree = "<group>"; };
		284F0EE418D2D17A00DD28C6 /* main.m */ = {isa = PBXFileReference; lastKnownFileType = sourcecode.c.objc; path = main.m; sourceTree = "<group>"; };
		284F0EE618D2D17A00DD28C6 /* CALayerReview-Prefix.pch */ = {isa = PBXFileReference; lastKnownFileType = sourcecode.c.h; path = "CALayerReview-Prefix.pch"; sourceTree = "<group>"; };
		284F0EE718D2D17A00DD28C6 /* AppDelegate.h */ = {isa = PBXFileReference; lastKnownFileType = sourcecode.c.h; path = AppDelegate.h; sourceTree = "<group>"; };
		284F0EE818D2D17A00DD28C6 /* AppDelegate.m */ = {isa = PBXFileReference; lastKnownFileType = sourcecode.c.objc; path = AppDelegate.m; sourceTree = "<group>"; };
		284F0EEA18D2D17A00DD28C6 /* Images.xcassets */ = {isa = PBXFileReference; lastKnownFileType = folder.assetcatalog; path = Images.xcassets; sourceTree = "<group>"; };
		284F0EF018D2D17A00DD28C6 /* CALayerReviewTests.xctest */ = {isa = PBXFileReference; explicitFileType = wrapper.cfbundle; includeInIndex = 0; path = CALayerReviewTests.xctest; sourceTree = BUILT_PRODUCTS_DIR; };
		284F0EF118D2D17A00DD28C6 /* XCTest.framework */ = {isa = PBXFileReference; lastKnownFileType = wrapper.framework; name = XCTest.framework; path = Library/Frameworks/XCTest.framework; sourceTree = DEVELOPER_DIR; };
		284F0EF918D2D17A00DD28C6 /* CALayerReviewTests-Info.plist */ = {isa = PBXFileReference; lastKnownFileType = text.plist.xml; path = "CALayerReviewTests-Info.plist"; sourceTree = "<group>"; };
		284F0EFB18D2D17A00DD28C6 /* en */ = {isa = PBXFileReference; lastKnownFileType = text.plist.strings; name = en; path = en.lproj/InfoPlist.strings; sourceTree = "<group>"; };
		284F0EFD18D2D17A00DD28C6 /* CALayerReviewTests.m */ = {isa = PBXFileReference; lastKnownFileType = sourcecode.c.objc; path = CALayerReviewTests.m; sourceTree = "<group>"; };
		284F0F0718D2D1A700DD28C6 /* MainViewController.h */ = {isa = PBXFileReference; fileEncoding = 4; lastKnownFileType = sourcecode.c.h; path = MainViewController.h; sourceTree = "<group>"; };
		284F0F0818D2D1A700DD28C6 /* MainViewController.m */ = {isa = PBXFileReference; fileEncoding = 4; lastKnownFileType = sourcecode.c.objc; path = MainViewController.m; sourceTree = "<group>"; };
		284F0F0A18D2D2B000DD28C6 /* QuartzCore.framework */ = {isa = PBXFileReference; lastKnownFileType = wrapper.framework; name = QuartzCore.framework; path = System/Library/Frameworks/QuartzCore.framework; sourceTree = SDKROOT; };
		284F0F0C18D2E11400DD28C6 /* MyLayer.h */ = {isa = PBXFileReference; fileEncoding = 4; lastKnownFileType = sourcecode.c.h; path = MyLayer.h; sourceTree = "<group>"; };
		284F0F0D18D2E11400DD28C6 /* MyLayer.m */ = {isa = PBXFileReference; fileEncoding = 4; lastKnownFileType = sourcecode.c.objc; path = MyLayer.m; sourceTree = "<group>"; };
/* End PBXFileReference section */

/* Begin PBXFrameworksBuildPhase section */
		284F0ED218D2D17A00DD28C6 /* Frameworks */ = {
			isa = PBXFrameworksBuildPhase;
			buildActionMask = 2147483647;
			files = (
				284F0F0B18D2D2B000DD28C6 /* QuartzCore.framework in Frameworks */,
				284F0EDB18D2D17A00DD28C6 /* CoreGraphics.framework in Frameworks */,
				284F0EDD18D2D17A00DD28C6 /* UIKit.framework in Frameworks */,
				284F0ED918D2D17A00DD28C6 /* Foundation.framework in Frameworks */,
			);
			runOnlyForDeploymentPostprocessing = 0;
		};
		284F0EED18D2D17A00DD28C6 /* Frameworks */ = {
			isa = PBXFrameworksBuildPhase;
			buildActionMask = 2147483647;
			files = (
				284F0EF218D2D17A00DD28C6 /* XCTest.framework in Frameworks */,
				284F0EF418D2D17A00DD28C6 /* UIKit.framework in Frameworks */,
				284F0EF318D2D17A00DD28C6 /* Foundation.framework in Frameworks */,
			);
			runOnlyForDeploymentPostprocessing = 0;
		};
/* End PBXFrameworksBuildPhase section */

/* Begin PBXGroup section */
		284F0ECC18D2D17900DD28C6 = {
			isa = PBXGroup;
			children = (
				284F0EDE18D2D17A00DD28C6 /* CALayerReview */,
				284F0EF718D2D17A00DD28C6 /* CALayerReviewTests */,
				284F0ED718D2D17A00DD28C6 /* Frameworks */,
				284F0ED618D2D17A00DD28C6 /* Products */,
			);
			sourceTree = "<group>";
		};
		284F0ED618D2D17A00DD28C6 /* Products */ = {
			isa = PBXGroup;
			children = (
				284F0ED518D2D17A00DD28C6 /* CALayerReview.app */,
				284F0EF018D2D17A00DD28C6 /* CALayerReviewTests.xctest */,
			);
			name = Products;
			sourceTree = "<group>";
		};
		284F0ED718D2D17A00DD28C6 /* Frameworks */ = {
			isa = PBXGroup;
			children = (
				284F0F0A18D2D2B000DD28C6 /* QuartzCore.framework */,
				284F0ED818D2D17A00DD28C6 /* Foundation.framework */,
				284F0EDA18D2D17A00DD28C6 /* CoreGraphics.framework */,
				284F0EDC18D2D17A00DD28C6 /* UIKit.framework */,
				284F0EF118D2D17A00DD28C6 /* XCTest.framework */,
			);
			name = Frameworks;
			sourceTree = "<group>";
		};
		284F0EDE18D2D17A00DD28C6 /* CALayerReview */ = {
			isa = PBXGroup;
			children = (
				284F0EE718D2D17A00DD28C6 /* AppDelegate.h */,
				284F0EE818D2D17A00DD28C6 /* AppDelegate.m */,
				284F0EEA18D2D17A00DD28C6 /* Images.xcassets */,
				284F0EDF18D2D17A00DD28C6 /* Supporting Files */,
				284F0F0718D2D1A700DD28C6 /* MainViewController.h */,
				284F0F0818D2D1A700DD28C6 /* MainViewController.m */,
				284F0F0C18D2E11400DD28C6 /* MyLayer.h */,
				284F0F0D18D2E11400DD28C6 /* MyLayer.m */,
			);
			path = CALayerReview;
			sourceTree = "<group>";
		};
		284F0EDF18D2D17A00DD28C6 /* Supporting Files */ = {
			isa = PBXGroup;
			children = (
				284F0EE018D2D17A00DD28C6 /* CALayerReview-Info.plist */,
				284F0EE118D2D17A00DD28C6 /* InfoPlist.strings */,
				284F0EE418D2D17A00DD28C6 /* main.m */,
				284F0EE618D2D17A00DD28C6 /* CALayerReview-Prefix.pch */,
			);
			name = "Supporting Files";
			sourceTree = "<group>";
		};
		284F0EF718D2D17A00DD28C6 /* CALayerReviewTests */ = {
			isa = PBXGroup;
			children = (
				284F0EFD18D2D17A00DD28C6 /* CALayerReviewTests.m */,
				284F0EF818D2D17A00DD28C6 /* Supporting Files */,
			);
			path = CALayerReviewTests;
			sourceTree = "<group>";
		};
		284F0EF818D2D17A00DD28C6 /* Supporting Files */ = {
			isa = PBXGroup;
			children = (
				284F0EF918D2D17A00DD28C6 /* CALayerReviewTests-Info.plist */,
				284F0EFA18D2D17A00DD28C6 /* InfoPlist.strings */,
			);
			name = "Supporting Files";
			sourceTree = "<group>";
		};
/* End PBXGroup section */

/* Begin PBXNativeTarget section */
		284F0ED418D2D17A00DD28C6 /* CALayerReview */ = {
			isa = PBXNativeTarget;
			buildConfigurationList = 284F0F0118D2D17A00DD28C6 /* Build configuration list for PBXNativeTarget "CALayerReview" */;
			buildPhases = (
				284F0ED118D2D17A00DD28C6 /* Sources */,
				284F0ED218D2D17A00DD28C6 /* Frameworks */,
				284F0ED318D2D17A00DD28C6 /* Resources */,
			);
			buildRules = (
			);
			dependencies = (
			);
			name = CALayerReview;
			productName = CALayerReview;
			productReference = 284F0ED518D2D17A00DD28C6 /* CALayerReview.app */;
			productType = "com.apple.product-type.application";
		};
		284F0EEF18D2D17A00DD28C6 /* CALayerReviewTests */ = {
			isa = PBXNativeTarget;
			buildConfigurationList = 284F0F0418D2D17A00DD28C6 /* Build configuration list for PBXNativeTarget "CALayerReviewTests" */;
			buildPhases = (
				284F0EEC18D2D17A00DD28C6 /* Sources */,
				284F0EED18D2D17A00DD28C6 /* Frameworks */,
				284F0EEE18D2D17A00DD28C6 /* Resources */,
			);
			buildRules = (
			);
			dependencies = (
				284F0EF618D2D17A00DD28C6 /* PBXTargetDependency */,
			);
			name = CALayerReviewTests;
			productName = CALayerReviewTests;
			productReference = 284F0EF018D2D17A00DD28C6 /* CALayerReviewTests.xctest */;
			productType = "com.apple.product-type.bundle.unit-test";
		};
/* End PBXNativeTarget section */

/* Begin PBXProject section */
		284F0ECD18D2D17900DD28C6 /* Project object */ = {
			isa = PBXProject;
			attributes = {
				LastUpgradeCheck = 0500;
				ORGANIZATIONNAME = wangtao;
				TargetAttributes = {
					284F0EEF18D2D17A00DD28C6 = {
						TestTargetID = 284F0ED418D2D17A00DD28C6;
					};
				};
			};
			buildConfigurationList = 284F0ED018D2D17900DD28C6 /* Build configuration list for PBXProject "CALayerReview" */;
			compatibilityVersion = "Xcode 3.2";
			developmentRegion = English;
			hasScannedForEncodings = 0;
			knownRegions = (
				en,
			);
			mainGroup = 284F0ECC18D2D17900DD28C6;
			productRefGroup = 284F0ED618D2D17A00DD28C6 /* Products */;
			projectDirPath = "";
			projectRoot = "";
			targets = (
				284F0ED418D2D17A00DD28C6 /* CALayerReview */,
				284F0EEF18D2D17A00DD28C6 /* CALayerReviewTests */,
			);
		};
/* End PBXProject section */

/* Begin PBXResourcesBuildPhase section */
		284F0ED318D2D17A00DD28C6 /* Resources */ = {
			isa = PBXResourcesBuildPhase;
			buildActionMask = 2147483647;
			files = (
				284F0EE318D2D17A00DD28C6 /* InfoPlist.strings in Resources */,
				284F0EEB18D2D17A00DD28C6 /* Images.xcassets in Resources */,
			);
			runOnlyForDeploymentPostprocessing = 0;
		};
		284F0EEE18D2D17A00DD28C6 /* Resources */ = {
			isa = PBXResourcesBuildPhase;
			buildActionMask = 2147483647;
			files = (
				284F0EFC18D2D17A00DD28C6 /* InfoPlist.strings in Resources */,
			);
			runOnlyForDeploymentPostprocessing = 0;
		};
/* End PBXResourcesBuildPhase section */

/* Begin PBXSourcesBuildPhase section */
		284F0ED118D2D17A00DD28C6 /* Sources */ = {
			isa = PBXSourcesBuildPhase;
			buildActionMask = 2147483647;
			files = (
				284F0EE918D2D17A00DD28C6 /* AppDelegate.m in Sources */,
				284F0F0918D2D1A700DD28C6 /* MainViewController.m in Sources */,
				284F0EE518D2D17A00DD28C6 /* main.m in Sources */,
				284F0F0E18D2E11400DD28C6 /* MyLayer.m in Sources */,
			);
			runOnlyForDeploymentPostprocessing = 0;
		};
		284F0EEC18D2D17A00DD28C6 /* Sources */ = {
			isa = PBXSourcesBuildPhase;
			buildActionMask = 2147483647;
			files = (
				284F0EFE18D2D17A00DD28C6 /* CALayerReviewTests.m in Sources */,
			);
			runOnlyForDeploymentPostprocessing = 0;
		};
/* End PBXSourcesBuildPhase section */

/* Begin PBXTargetDependency section */
		284F0EF618D2D17A00DD28C6 /* PBXTargetDependency */ = {
			isa = PBXTargetDependency;
			target = 284F0ED418D2D17A00DD28C6 /* CALayerReview */;
			targetProxy = 284F0EF518D2D17A00DD28C6 /* PBXContainerItemProxy */;
		};
/* End PBXTargetDependency section */

/* Begin PBXVariantGroup section */
		284F0EE118D2D17A00DD28C6 /* InfoPlist.strings */ = {
			isa = PBXVariantGroup;
			children = (
				284F0EE218D2D17A00DD28C6 /* en */,
			);
			name = InfoPlist.strings;
			sourceTree = "<group>";
		};
		284F0EFA18D2D17A00DD28C6 /* InfoPlist.strings */ = {
			isa = PBXVariantGroup;
			children = (
				284F0EFB18D2D17A00DD28C6 /* en */,
			);
			name = InfoPlist.strings;
			sourceTree = "<group>";
		};
/* End PBXVariantGroup section */

/* Begin XCBuildConfiguration section */
		284F0EFF18D2D17A00DD28C6 /* Debug */ = {
			isa = XCBuildConfiguration;
			buildSettings = {
				ALWAYS_SEARCH_USER_PATHS = NO;
				ARCHS = "$(ARCHS_STANDARD_INCLUDING_64_BIT)";
				CLANG_CXX_LANGUAGE_STANDARD = "gnu++0x";
				CLANG_CXX_LIBRARY = "libc++";
				CLANG_ENABLE_MODULES = YES;
				CLANG_ENABLE_OBJC_ARC = YES;
				CLANG_WARN_BOOL_CONVERSION = YES;
				CLANG_WARN_CONSTANT_CONVERSION = YES;
				CLANG_WARN_DIRECT_OBJC_ISA_USAGE = YES_ERROR;
				CLANG_WARN_EMPTY_BODY = YES;
				CLANG_WARN_ENUM_CONVERSION = YES;
				CLANG_WARN_INT_CONVERSION = YES;
				CLANG_WARN_OBJC_ROOT_CLASS = YES_ERROR;
				CLANG_WARN__DUPLICATE_METHOD_MATCH = YES;
				"CODE_SIGN_IDENTITY[sdk=iphoneos*]" = "iPhone Developer";
				COPY_PHASE_STRIP = NO;
				GCC_C_LANGUAGE_STANDARD = gnu99;
				GCC_DYNAMIC_NO_PIC = NO;
				GCC_OPTIMIZATION_LEVEL = 0;
				GCC_PREPROCESSOR_DEFINITIONS = (
					"DEBUG=1",
					"$(inherited)",
				);
				GCC_SYMBOLS_PRIVATE_EXTERN = NO;
				GCC_WARN_64_TO_32_BIT_CONVERSION = YES;
				GCC_WARN_ABOUT_RETURN_TYPE = YES_ERROR;
				GCC_WARN_UNDECLARED_SELECTOR = YES;
				GCC_WARN_UNINITIALIZED_AUTOS = YES;
				GCC_WARN_UNUSED_FUNCTION = YES;
				GCC_WARN_UNUSED_VARIABLE = YES;
				IPHONEOS_DEPLOYMENT_TARGET = 7.0;
				ONLY_ACTIVE_ARCH = YES;
				SDKROOT = iphoneos;
			};
			name = Debug;
		};
		284F0F0018D2D17A00DD28C6 /* Release */ = {
			isa = XCBuildConfiguration;
			buildSettings = {
				ALWAYS_SEARCH_USER_PATHS = NO;
				ARCHS = "$(ARCHS_STANDARD_INCLUDING_64_BIT)";
				CLANG_CXX_LANGUAGE_STANDARD = "gnu++0x";
				CLANG_CXX_LIBRARY = "libc++";
				CLANG_ENABLE_MODULES = YES;
				CLANG_ENABLE_OBJC_ARC = YES;
				CLANG_WARN_BOOL_CONVERSION = YES;
				CLANG_WARN_CONSTANT_CONVERSION = YES;
				CLANG_WARN_DIRECT_OBJC_ISA_USAGE = YES_ERROR;
				CLANG_WARN_EMPTY_BODY = YES;
				CLANG_WARN_ENUM_CONVERSION = YES;
				CLANG_WARN_INT_CONVERSION = YES;
				CLANG_WARN_OBJC_ROOT_CLASS = YES_ERROR;
				CLANG_WARN__DUPLICATE_METHOD_MATCH = YES;
				"CODE_SIGN_IDENTITY[sdk=iphoneos*]" = "iPhone Developer";
				COPY_PHASE_STRIP = YES;
				ENABLE_NS_ASSERTIONS = NO;
				GCC_C_LANGUAGE_STANDARD = gnu99;
				GCC_WARN_64_TO_32_BIT_CONVERSION = YES;
				GCC_WARN_ABOUT_RETURN_TYPE = YES_ERROR;
				GCC_WARN_UNDECLARED_SELECTOR = YES;
				GCC_WARN_UNINITIALIZED_AUTOS = YES;
				GCC_WARN_UNUSED_FUNCTION = YES;
				GCC_WARN_UNUSED_VARIABLE = YES;
				IPHONEOS_DEPLOYMENT_TARGET = 7.0;
				SDKROOT = iphoneos;
				VALIDATE_PRODUCT = YES;
			};
			name = Release;
		};
		284F0F0218D2D17A00DD28C6 /* Debug */ = {
			isa = XCBuildConfiguration;
			buildSettings = {
				ASSETCATALOG_COMPILER_APPICON_NAME = AppIcon;
				ASSETCATALOG_COMPILER_LAUNCHIMAGE_NAME = LaunchImage;
				GCC_PRECOMPILE_PREFIX_HEADER = YES;
				GCC_PREFIX_HEADER = "CALayerReview/CALayerReview-Prefix.pch";
				INFOPLIST_FILE = "CALayerReview/CALayerReview-Info.plist";
				PRODUCT_NAME = "$(TARGET_NAME)";
				WRAPPER_EXTENSION = app;
			};
			name = Debug;
		};
		284F0F0318D2D17A00DD28C6 /* Release */ = {
			isa = XCBuildConfiguration;
			buildSettings = {
				ASSETCATALOG_COMPILER_APPICON_NAME = AppIcon;
				ASSETCATALOG_COMPILER_LAUNCHIMAGE_NAME = LaunchImage;
				GCC_PRECOMPILE_PREFIX_HEADER = YES;
				GCC_PREFIX_HEADER = "CALayerReview/CALayerReview-Prefix.pch";
				INFOPLIST_FILE = "CALayerReview/CALayerReview-Info.plist";
				PRODUCT_NAME = "$(TARGET_NAME)";
				WRAPPER_EXTENSION = app;
			};
			name = Release;
		};
		284F0F0518D2D17A00DD28C6 /* Debug */ = {
			isa = XCBuildConfiguration;
			buildSettings = {
				ARCHS = "$(ARCHS_STANDARD_INCLUDING_64_BIT)";
				BUNDLE_LOADER = "$(BUILT_PRODUCTS_DIR)/CALayerReview.app/CALayerReview";
				FRAMEWORK_SEARCH_PATHS = (
					"$(SDKROOT)/Developer/Library/Frameworks",
					"$(inherited)",
					"$(DEVELOPER_FRAMEWORKS_DIR)",
				);
				GCC_PRECOMPILE_PREFIX_HEADER = YES;
				GCC_PREFIX_HEADER = "CALayerReview/CALayerReview-Prefix.pch";
				GCC_PREPROCESSOR_DEFINITIONS = (
					"DEBUG=1",
					"$(inherited)",
				);
				INFOPLIST_FILE = "CALayerReviewTests/CALayerReviewTests-Info.plist";
				PRODUCT_NAME = "$(TARGET_NAME)";
				TEST_HOST = "$(BUNDLE_LOADER)";
				WRAPPER_EXTENSION = xctest;
			};
			name = Debug;
		};
		284F0F0618D2D17A00DD28C6 /* Release */ = {
			isa = XCBuildConfiguration;
			buildSettings = {
				ARCHS = "$(ARCHS_STANDARD_INCLUDING_64_BIT)";
				BUNDLE_LOADER = "$(BUILT_PRODUCTS_DIR)/CALayerReview.app/CALayerReview";
				FRAMEWORK_SEARCH_PATHS = (
					"$(SDKROOT)/Developer/Library/Frameworks",
					"$(inherited)",
					"$(DEVELOPER_FRAMEWORKS_DIR)",
				);
				GCC_PRECOMPILE_PREFIX_HEADER = YES;
				GCC_PREFIX_HEADER = "CALayerReview/CALayerReview-Prefix.pch";
				INFOPLIST_FILE = "CALayerReviewTests/CALayerReviewTests-Info.plist";
				PRODUCT_NAME = "$(TARGET_NAME)";
				TEST_HOST = "$(BUNDLE_LOADER)";
				WRAPPER_EXTENSION = xctest;
			};
			name = Release;
		};
/* End XCBuildConfiguration section */

/* Begin XCConfigurationList section */
		284F0ED018D2D17900DD28C6 /* Build configuration list for PBXProject "CALayerReview" */ = {
			isa = XCConfigurationList;
			buildConfigurations = (
				284F0EFF18D2D17A00DD28C6 /* Debug */,
				284F0F0018D2D17A00DD28C6 /* Release */,
			);
			defaultConfigurationIsVisible = 0;
			defaultConfigurationName = Release;
		};
		284F0F0118D2D17A00DD28C6 /* Build configuration list for PBXNativeTarget "CALayerReview" */ = {
			isa = XCConfigurationList;
			buildConfigurations = (
				284F0F0218D2D17A00DD28C6 /* Debug */,
				284F0F0318D2D17A00DD28C6 /* Release */,
			);
			defaultConfigurationIsVisible = 0;
		};
		284F0F0418D2D17A00DD28C6 /* Build configuration list for PBXNativeTarget "CALayerReviewTests" */ = {
			isa = XCConfigurationList;
			buildConfigurations = (
				284F0F0518D2D17A00DD28C6 /* Debug */,
				284F0F0618D2D17A00DD28C6 /* Release */,
			);
			defaultConfigurationIsVisible = 0;
		};
/* End XCConfigurationList section */
	};
	rootObject = 284F0ECD18D2D17900DD28C6 /* Project object */;
}
